
Microsoft Visual Studio Solution File, Format Version 12.00
# Visual Studio Version 17
VisualStudioVersion = 17.14.36212.18 d17.14
MinimumVisualStudioVersion = 10.0.40219.1
Project("{8BC9CEB8-8B4A-11D0-8D11-00A0C91BC942}") = "Clock", "Clock.vcxproj", "{EDAC519F-738D-4FC2-9B4F-1C0BF8D8E989}"
EndProject
Global
	GlobalSection(SolutionConfigurationPlatforms) = preSolution
		Debug|x64 = Debug|x64
		Debug|x86 = Debug|x86
		Release|x64 = Release|x64
		Release|x86 = Release|x86
	EndGlobalSection
	GlobalSection(ProjectConfigurationPlatforms) = postSolution
		{EDAC519F-738D-4FC2-9B4F-1C0BF8D8E989}.Debug|x64.ActiveCfg = Debug|x64
		{EDAC519F-738D-4FC2-9B4F-1C0BF8D8E989}.Debug|x64.Build.0 = Debug|x64
		{EDAC519F-738D-4FC2-9B4F-1C0BF8D8E989}.Debug|x86.ActiveCfg = Debug|Win32
		{EDAC519F-738D-4FC2-9B4F-1C0BF8D8E989}.Debug|x86.Build.0 = Debug|Win32
		{EDAC519F-738D-4FC2-9B4F-1C0BF8D8E989}.Release|x64.ActiveCfg = Release|x64
		{EDAC519F-738D-4FC2-9B4F-1C0BF8D8E989}.Release|x64.Build.0 = Release|x64
		{EDAC519F-738D-4FC2-9B4F-1C0BF8D8E989}.Release|x86.ActiveCfg = Release|Win32
		{EDAC519F-738D-4FC2-9B4F-1C0BF8D8E989}.Release|x86.Build.0 = Release|Win32
	EndGlobalSection
	GlobalSection(SolutionProperties) = preSolution
		HideSolutionNode = FALSE
	EndGlobalSection
	GlobalSection(ExtensibilityGlobals) = postSolution
		SolutionGuid = {D78AA318-F3B7-4510-AB7D-6656E42DC2F3}
	EndGlobalSection
EndGlobal
